
Microsoft Visual Studio Solution File, Format Version 12.00
# Visual Studio Version 17
VisualStudioVersion = 17.14.36804.6
MinimumVisualStudioVersion = 10.0.40219.1
Project("{2150E333-8FDC-42A3-9474-1A3956D46DE8}") = "src", "src", "{02EA681E-C7D8-13C7-8484-4AC65E1B71E8}"
EndProject
Project("{FAE04EC0-301F-11D3-BF4B-00C04F79EFBC}") = "SampleApi", "SampleApi\SampleApi.csproj", "{82220BC7-3417-4218-A3A1-424FA584D006}"
EndProject
Project("{2150E333-8FDC-42A3-9474-1A3956D46DE8}") = "Solution Items", "Solution Items", "{8EC462FD-D22E-90A8-E5CE-7E832BA40C5D}"
	ProjectSection(SolutionItems) = preProject
		docker-compose.yml = docker-compose.yml
	EndProjectSection
EndProject
Project("{FAE04EC0-301F-11D3-BF4B-00C04F79EFBC}") = "InventoryService", "InventoryService\InventoryService\InventoryService.csproj", "{9EDCE7F7-9522-4F5C-9929-A1EF14D83B46}"
EndProject
Project("{FAE04EC0-301F-11D3-BF4B-00C04F79EFBC}") = "CartService", "CartService\CartService\CartService.csproj", "{E790ED06-1379-44C4-8659-34980E891382}"
EndProject
Project("{FAE04EC0-301F-11D3-BF4B-00C04F79EFBC}") = "PaymentService", "PaymentService\PaymentService\PaymentService.csproj", "{1A7747A4-F3D7-4025-AC1D-E63435DCDC63}"
EndProject
Project("{FAE04EC0-301F-11D3-BF4B-00C04F79EFBC}") = "ApiGateway", "ApiGateway\ApiGateway.csproj", "{622E68D9-A332-4073-93F3-70667C9C14C8}"
EndProject
Global
	GlobalSection(SolutionConfigurationPlatforms) = preSolution
		Debug|Any CPU = Debug|Any CPU
		Release|Any CPU = Release|Any CPU
	EndGlobalSection
	GlobalSection(ProjectConfigurationPlatforms) = postSolution
		{82220BC7-3417-4218-A3A1-424FA584D006}.Debug|Any CPU.ActiveCfg = Debug|Any CPU
		{82220BC7-3417-4218-A3A1-424FA584D006}.Debug|Any CPU.Build.0 = Debug|Any CPU
		{82220BC7-3417-4218-A3A1-424FA584D006}.Release|Any CPU.ActiveCfg = Release|Any CPU
		{82220BC7-3417-4218-A3A1-424FA584D006}.Release|Any CPU.Build.0 = Release|Any CPU
		{9EDCE7F7-9522-4F5C-9929-A1EF14D83B46}.Debug|Any CPU.ActiveCfg = Debug|Any CPU
		{9EDCE7F7-9522-4F5C-9929-A1EF14D83B46}.Debug|Any CPU.Build.0 = Debug|Any CPU
		{9EDCE7F7-9522-4F5C-9929-A1EF14D83B46}.Release|Any CPU.ActiveCfg = Release|Any CPU
		{9EDCE7F7-9522-4F5C-9929-A1EF14D83B46}.Release|Any CPU.Build.0 = Release|Any CPU
		{E790ED06-1379-44C4-8659-34980E891382}.Debug|Any CPU.ActiveCfg = Debug|Any CPU
		{E790ED06-1379-44C4-8659-34980E891382}.Debug|Any CPU.Build.0 = Debug|Any CPU
		{E790ED06-1379-44C4-8659-34980E891382}.Release|Any CPU.ActiveCfg = Release|Any CPU
		{E790ED06-1379-44C4-8659-34980E891382}.Release|Any CPU.Build.0 = Release|Any CPU
		{1A7747A4-F3D7-4025-AC1D-E63435DCDC63}.Debug|Any CPU.ActiveCfg = Debug|Any CPU
		{1A7747A4-F3D7-4025-AC1D-E63435DCDC63}.Debug|Any CPU.Build.0 = Debug|Any CPU
		{1A7747A4-F3D7-4025-AC1D-E63435DCDC63}.Release|Any CPU.ActiveCfg = Release|Any CPU
		{1A7747A4-F3D7-4025-AC1D-E63435DCDC63}.Release|Any CPU.Build.0 = Release|Any CPU
		{622E68D9-A332-4073-93F3-70667C9C14C8}.Debug|Any CPU.ActiveCfg = Debug|Any CPU
		{622E68D9-A332-4073-93F3-70667C9C14C8}.Debug|Any CPU.Build.0 = Debug|Any CPU
		{622E68D9-A332-4073-93F3-70667C9C14C8}.Release|Any CPU.ActiveCfg = Release|Any CPU
		{622E68D9-A332-4073-93F3-70667C9C14C8}.Release|Any CPU.Build.0 = Release|Any CPU
	EndGlobalSection
	GlobalSection(SolutionProperties) = preSolution
		HideSolutionNode = FALSE
	EndGlobalSection
	GlobalSection(NestedProjects) = preSolution
		{82220BC7-3417-4218-A3A1-424FA584D006} = {02EA681E-C7D8-13C7-8484-4AC65E1B71E8}
		{9EDCE7F7-9522-4F5C-9929-A1EF14D83B46} = {02EA681E-C7D8-13C7-8484-4AC65E1B71E8}
		{E790ED06-1379-44C4-8659-34980E891382} = {02EA681E-C7D8-13C7-8484-4AC65E1B71E8}
		{1A7747A4-F3D7-4025-AC1D-E63435DCDC63} = {02EA681E-C7D8-13C7-8484-4AC65E1B71E8}
		{622E68D9-A332-4073-93F3-70667C9C14C8} = {02EA681E-C7D8-13C7-8484-4AC65E1B71E8}
	EndGlobalSection
	GlobalSection(ExtensibilityGlobals) = postSolution
		SolutionGuid = {B39C9C42-5FD3-473E-9E86-66A0A8222D60}
	EndGlobalSection
EndGlobal
